
Microsoft Visual Studio Solution File, Format Version 12.00
# Visual Studio Version 17
VisualStudioVersion = 17.9.34701.34
MinimumVisualStudioVersion = 10.0.40219.1
Project("{FAE04EC0-301F-11D3-BF4B-00C04F79EFBC}") = "WPF23_1", "WPF23_1\WPF23_1.csproj", "{AF2E80F3-8F84-4D60-848C-DBA3D688FC8F}"
EndProject
Global
	GlobalSection(SolutionConfigurationPlatforms) = preSolution
		Debug|Any CPU = Debug|Any CPU
		Release|Any CPU = Release|Any CPU
	EndGlobalSection
	GlobalSection(ProjectConfigurationPlatforms) = postSolution
		{AF2E80F3-8F84-4D60-848C-DBA3D688FC8F}.Debug|Any CPU.ActiveCfg = Debug|Any CPU
		{AF2E80F3-8F84-4D60-848C-DBA3D688FC8F}.Debug|Any CPU.Build.0 = Debug|Any CPU
		{AF2E80F3-8F84-4D60-848C-DBA3D688FC8F}.Release|Any CPU.ActiveCfg = Release|Any CPU
		{AF2E80F3-8F84-4D60-848C-DBA3D688FC8F}.Release|Any CPU.Build.0 = Release|Any CPU
	EndGlobalSection
	GlobalSection(SolutionProperties) = preSolution
		HideSolutionNode = FALSE
	EndGlobalSection
	GlobalSection(ExtensibilityGlobals) = postSolution
		SolutionGuid = {FDD40F40-A584-4C74-B656-202D1CF73421}
	EndGlobalSection
EndGlobal
